
Microsoft Visual Studio Solution File, Format Version 12.00
# Visual Studio 15
VisualStudioVersion = 15.0.27703.2035
MinimumVisualStudioVersion = 10.0.40219.1
Project("{FAE04EC0-301F-11D3-BF4B-00C04F79EFBC}") = "CorePagal", "CorePagal\CorePagal.csproj", "{B5FA103A-D6C0-4504-85E8-B853B1AB50F9}"
EndProject
Global
	GlobalSection(SolutionConfigurationPlatforms) = preSolution
		Debug|Any CPU = Debug|Any CPU
		Release|Any CPU = Release|Any CPU
	EndGlobalSection
	GlobalSection(ProjectConfigurationPlatforms) = postSolution
		{B5FA103A-D6C0-4504-85E8-B853B1AB50F9}.Debug|Any CPU.ActiveCfg = Debug|Any CPU
		{B5FA103A-D6C0-4504-85E8-B853B1AB50F9}.Debug|Any CPU.Build.0 = Debug|Any CPU
		{B5FA103A-D6C0-4504-85E8-B853B1AB50F9}.Release|Any CPU.ActiveCfg = Release|Any CPU
		{B5FA103A-D6C0-4504-85E8-B853B1AB50F9}.Release|Any CPU.Build.0 = Release|Any CPU
	EndGlobalSection
	GlobalSection(SolutionProperties) = preSolution
		HideSolutionNode = FALSE
	EndGlobalSection
	GlobalSection(ExtensibilityGlobals) = postSolution
		SolutionGuid = {96EA468A-3154-4B18-88EF-41A7235135D2}
	EndGlobalSection
EndGlobal
